
Microsoft Visual Studio Solution File, Format Version 12.00
# Visual Studio 14
VisualStudioVersion = 14.0.24720.0
MinimumVisualStudioVersion = 10.0.40219.1
Project("{9092AA53-FB77-4645-B42D-1CCCA6BD08BD}") = "CatalogoDiscos", "CatalogoDiscos\CatalogoDiscos.njsproj", "{2F1F4CBA-4569-4530-ACA5-AB0F3C5B4348}"
EndProject
Global
	GlobalSection(SolutionConfigurationPlatforms) = preSolution
		Debug|Any CPU = Debug|Any CPU
		Release|Any CPU = Release|Any CPU
	EndGlobalSection
	GlobalSection(ProjectConfigurationPlatforms) = postSolution
		{2F1F4CBA-4569-4530-ACA5-AB0F3C5B4348}.Debug|Any CPU.ActiveCfg = Debug|Any CPU
		{2F1F4CBA-4569-4530-ACA5-AB0F3C5B4348}.Debug|Any CPU.Build.0 = Debug|Any CPU
		{2F1F4CBA-4569-4530-ACA5-AB0F3C5B4348}.Release|Any CPU.ActiveCfg = Release|Any CPU
		{2F1F4CBA-4569-4530-ACA5-AB0F3C5B4348}.Release|Any CPU.Build.0 = Release|Any CPU
	EndGlobalSection
	GlobalSection(SolutionProperties) = preSolution
		HideSolutionNode = FALSE
	EndGlobalSection
EndGlobal
